
Microsoft Visual Studio Solution File, Format Version 12.00
# Visual Studio 15
VisualStudioVersion = 15.0.28307.136
MinimumVisualStudioVersion = 10.0.40219.1
Project("{888888A0-9F3D-457C-B088-3A5042F75D52}") = "optpython", "optpython\optpython.pyproj", "{EB898D58-EAE3-48BB-97B2-D13ADF60FBA4}"
EndProject
Global
	GlobalSection(SolutionConfigurationPlatforms) = preSolution
		Debug|Any CPU = Debug|Any CPU
		Release|Any CPU = Release|Any CPU
	EndGlobalSection
	GlobalSection(ProjectConfigurationPlatforms) = postSolution
		{EB898D58-EAE3-48BB-97B2-D13ADF60FBA4}.Debug|Any CPU.ActiveCfg = Debug|Any CPU
		{EB898D58-EAE3-48BB-97B2-D13ADF60FBA4}.Release|Any CPU.ActiveCfg = Release|Any CPU
	EndGlobalSection
	GlobalSection(SolutionProperties) = preSolution
		HideSolutionNode = FALSE
	EndGlobalSection
	GlobalSection(ExtensibilityGlobals) = postSolution
		SolutionGuid = {DE2EA8E2-81F2-49C7-BA54-29819FADD666}
	EndGlobalSection
EndGlobal
